// !$*UTF8*$!
{
	archiveVersion = 1;
	classes = {
	};
	objectVersion = 46;
	objects = {

/* Begin PBXBuildFile section */
		63497597161E852C00433649 /* Cocoa.framework in Frameworks */ = {isa = PBXBuildFile; fileRef = 63497596161E852C00433649 /* Cocoa.framework */; };
		634975A1161E852C00433649 /* InfoPlist.strings in Resources */ = {isa = PBXBuildFile; fileRef = 6349759F161E852C00433649 /* InfoPlist.strings */; };
		634975A3161E852C00433649 /* main.m in Sources */ = {isa = PBXBuildFile; fileRef = 634975A2161E852C00433649 /* main.m */; };
		634975A7161E852C00433649 /* Credits.rtf in Resources */ = {isa = PBXBuildFile; fileRef = 634975A5161E852C00433649 /* Credits.rtf */; };
		634975AA161E852C00433649 /* AppDelegate.m in Sources */ = {isa = PBXBuildFile; fileRef = 634975A9161E852C00433649 /* AppDelegate.m */; settings = {COMPILER_FLAGS = "-fno-objc-arc"; }; };
		634975AD161E852C00433649 /* MainMenu.xib in Resources */ = {isa = PBXBuildFile; fileRef = 634975AB161E852C00433649 /* MainMenu.xib */; };
		634975B5161E852C00433649 /* SenTestingKit.framework in Frameworks */ = {isa = PBXBuildFile; fileRef = 634975B4161E852C00433649 /* SenTestingKit.framework */; };
		634975B6161E852C00433649 /* Cocoa.framework in Frameworks */ = {isa = PBXBuildFile; fileRef = 63497596161E852C00433649 /* Cocoa.framework */; };
		634975BE161E852D00433649 /* InfoPlist.strings in Resources */ = {isa = PBXBuildFile; fileRef = 634975BC161E852C00433649 /* InfoPlist.strings */; };
		634975C1161E852D00433649 /* OpenTests.m in Sources */ = {isa = PBXBuildFile; fileRef = 634975C0161E852D00433649 /* OpenTests.m */; };
/* End PBXBuildFile section */

/* Begin PBXContainerItemProxy section */
		634975B7161E852C00433649 /* PBXContainerItemProxy */ = {
			isa = PBXContainerItemProxy;
			containerPortal = 63497589161E852C00433649 /* Project object */;
			proxyType = 1;
			remoteGlobalIDString = 63497591161E852C00433649;
			remoteInfo = Open;
		};
/* End PBXContainerItemProxy section */

/* Begin PBXFileReference section */
		63497592161E852C00433649 /* Open.app */ = {isa = PBXFileReference; explicitFileType = wrapper.application; includeInIndex = 0; path = Open.app; sourceTree = BUILT_PRODUCTS_DIR; };
		63497596161E852C00433649 /* Cocoa.framework */ = {isa = PBXFileReference; lastKnownFileType = wrapper.framework; name = Cocoa.framework; path = System/Library/Frameworks/Cocoa.framework; sourceTree = SDKROOT; };
		63497599161E852C00433649 /* AppKit.framework */ = {isa = PBXFileReference; lastKnownFileType = wrapper.framework; name = AppKit.framework; path = System/Library/Frameworks/AppKit.framework; sourceTree = SDKROOT; };
		6349759A161E852C00433649 /* CoreData.framework */ = {isa = PBXFileReference; lastKnownFileType = wrapper.framework; name = CoreData.framework; path = System/Library/Frameworks/CoreData.framework; sourceTree = SDKROOT; };
		6349759B161E852C00433649 /* Foundation.framework */ = {isa = PBXFileReference; lastKnownFileType = wrapper.framework; name = Foundation.framework; path = System/Library/Frameworks/Foundation.framework; sourceTree = SDKROOT; };
		6349759E161E852C00433649 /* Open-Info.plist */ = {isa = PBXFileReference; lastKnownFileType = text.plist.xml; path = "Open-Info.plist"; sourceTree = "<group>"; };
		634975A0161E852C00433649 /* en */ = {isa = PBXFileReference; lastKnownFileType = text.plist.strings; name = en; path = en.lproj/InfoPlist.strings; sourceTree = "<group>"; };
		634975A2161E852C00433649 /* main.m */ = {isa = PBXFileReference; lastKnownFileType = sourcecode.c.objc; path = main.m; sourceTree = "<group>"; };
		634975A4161E852C00433649 /* Open-Prefix.pch */ = {isa = PBXFileReference; lastKnownFileType = sourcecode.c.h; path = "Open-Prefix.pch"; sourceTree = "<group>"; };
		634975A6161E852C00433649 /* en */ = {isa = PBXFileReference; lastKnownFileType = text.rtf; name = en; path = en.lproj/Credits.rtf; sourceTree = "<group>"; };
		634975A8161E852C00433649 /* AppDelegate.h */ = {isa = PBXFileReference; lastKnownFileType = sourcecode.c.h; path = AppDelegate.h; sourceTree = "<group>"; };
		634975A9161E852C00433649 /* AppDelegate.m */ = {isa = PBXFileReference; lastKnownFileType = sourcecode.c.objc; path = AppDelegate.m; sourceTree = "<group>"; };
		634975AC161E852C00433649 /* en */ = {isa = PBXFileReference; lastKnownFileType = file.xib; name = en; path = en.lproj/MainMenu.xib; sourceTree = "<group>"; };
		634975B3161E852C00433649 /* OpenTests.octest */ = {isa = PBXFileReference; explicitFileType = wrapper.cfbundle; includeInIndex = 0; path = OpenTests.octest; sourceTree = BUILT_PRODUCTS_DIR; };
		634975B4161E852C00433649 /* SenTestingKit.framework */ = {isa = PBXFileReference; lastKnownFileType = wrapper.framework; name = SenTestingKit.framework; path = Library/Frameworks/SenTestingKit.framework; sourceTree = DEVELOPER_DIR; };
		634975BB161E852C00433649 /* OpenTests-Info.plist */ = {isa = PBXFileReference; lastKnownFileType = text.plist.xml; path = "OpenTests-Info.plist"; sourceTree = "<group>"; };
		634975BD161E852C00433649 /* en */ = {isa = PBXFileReference; lastKnownFileType = text.plist.strings; name = en; path = en.lproj/InfoPlist.strings; sourceTree = "<group>"; };
		634975BF161E852D00433649 /* OpenTests.h */ = {isa = PBXFileReference; lastKnownFileType = sourcecode.c.h; path = OpenTests.h; sourceTree = "<group>"; };
		634975C0161E852D00433649 /* OpenTests.m */ = {isa = PBXFileReference; lastKnownFileType = sourcecode.c.objc; path = OpenTests.m; sourceTree = "<group>"; };
/* End PBXFileReference section */

/* Begin PBXFrameworksBuildPhase section */
		6349758F161E852C00433649 /* Frameworks */ = {
			isa = PBXFrameworksBuildPhase;
			buildActionMask = 2147483647;
			files = (
				63497597161E852C00433649 /* Cocoa.framework in Frameworks */,
			);
			runOnlyForDeploymentPostprocessing = 0;
		};
		634975AF161E852C00433649 /* Frameworks */ = {
			isa = PBXFrameworksBuildPhase;
			buildActionMask = 2147483647;
			files = (
				634975B5161E852C00433649 /* SenTestingKit.framework in Frameworks */,
				634975B6161E852C00433649 /* Cocoa.framework in Frameworks */,
			);
			runOnlyForDeploymentPostprocessing = 0;
		};
/* End PBXFrameworksBuildPhase section */

/* Begin PBXGroup section */
		63497587161E852C00433649 = {
			isa = PBXGroup;
			children = (
				6349759C161E852C00433649 /* Open */,
				634975B9161E852C00433649 /* OpenTests */,
				63497595161E852C00433649 /* Frameworks */,
				63497593161E852C00433649 /* Products */,
			);
			sourceTree = "<group>";
		};
		63497593161E852C00433649 /* Products */ = {
			isa = PBXGroup;
			children = (
				63497592161E852C00433649 /* Open.app */,
				634975B3161E852C00433649 /* OpenTests.octest */,
			);
			name = Products;
			sourceTree = "<group>";
		};
		63497595161E852C00433649 /* Frameworks */ = {
			isa = PBXGroup;
			children = (
				63497596161E852C00433649 /* Cocoa.framework */,
				634975B4161E852C00433649 /* SenTestingKit.framework */,
				63497598161E852C00433649 /* Other Frameworks */,
			);
			name = Frameworks;
			sourceTree = "<group>";
		};
		63497598161E852C00433649 /* Other Frameworks */ = {
			isa = PBXGroup;
			children = (
				63497599161E852C00433649 /* AppKit.framework */,
				6349759A161E852C00433649 /* CoreData.framework */,
				6349759B161E852C00433649 /* Foundation.framework */,
			);
			name = "Other Frameworks";
			sourceTree = "<group>";
		};
		6349759C161E852C00433649 /* Open */ = {
			isa = PBXGroup;
			children = (
				634975A8161E852C00433649 /* AppDelegate.h */,
				634975A9161E852C00433649 /* AppDelegate.m */,
				634975AB161E852C00433649 /* MainMenu.xib */,
				6349759D161E852C00433649 /* Supporting Files */,
			);
			path = Open;
			sourceTree = "<group>";
		};
		6349759D161E852C00433649 /* Supporting Files */ = {
			isa = PBXGroup;
			children = (
				6349759E161E852C00433649 /* Open-Info.plist */,
				6349759F161E852C00433649 /* InfoPlist.strings */,
				634975A2161E852C00433649 /* main.m */,
				634975A4161E852C00433649 /* Open-Prefix.pch */,
				634975A5161E852C00433649 /* Credits.rtf */,
			);
			name = "Supporting Files";
			sourceTree = "<group>";
		};
		634975B9161E852C00433649 /* OpenTests */ = {
			isa = PBXGroup;
			children = (
				634975BF161E852D00433649 /* OpenTests.h */,
				634975C0161E852D00433649 /* OpenTests.m */,
				634975BA161E852C00433649 /* Supporting Files */,
			);
			path = OpenTests;
			sourceTree = "<group>";
		};
		634975BA161E852C00433649 /* Supporting Files */ = {
			isa = PBXGroup;
			children = (
				634975BB161E852C00433649 /* OpenTests-Info.plist */,
				634975BC161E852C00433649 /* InfoPlist.strings */,
			);
			name = "Supporting Files";
			sourceTree = "<group>";
		};
/* End PBXGroup section */

/* Begin PBXNativeTarget section */
		63497591161E852C00433649 /* Open */ = {
			isa = PBXNativeTarget;
			buildConfigurationList = 634975C4161E852D00433649 /* Build configuration list for PBXNativeTarget "Open" */;
			buildPhases = (
				6349758E161E852C00433649 /* Sources */,
				6349758F161E852C00433649 /* Frameworks */,
				63497590161E852C00433649 /* Resources */,
			);
			buildRules = (
			);
			dependencies = (
			);
			name = Open;
			productName = Open;
			productReference = 63497592161E852C00433649 /* Open.app */;
			productType = "com.apple.product-type.application";
		};
		634975B2161E852C00433649 /* OpenTests */ = {
			isa = PBXNativeTarget;
			buildConfigurationList = 634975C7161E852D00433649 /* Build configuration list for PBXNativeTarget "OpenTests" */;
			buildPhases = (
				634975AE161E852C00433649 /* Sources */,
				634975AF161E852C00433649 /* Frameworks */,
				634975B0161E852C00433649 /* Resources */,
				634975B1161E852C00433649 /* ShellScript */,
			);
			buildRules = (
			);
			dependencies = (
				634975B8161E852C00433649 /* PBXTargetDependency */,
			);
			name = OpenTests;
			productName = OpenTests;
			productReference = 634975B3161E852C00433649 /* OpenTests.octest */;
			productType = "com.apple.product-type.bundle";
		};
/* End PBXNativeTarget section */

/* Begin PBXProject section */
		63497589161E852C00433649 /* Project object */ = {
			isa = PBXProject;
			attributes = {
				LastUpgradeCheck = 0450;
				ORGANIZATIONNAME = "David Holdeman";
			};
			buildConfigurationList = 6349758C161E852C00433649 /* Build configuration list for PBXProject "Open" */;
			compatibilityVersion = "Xcode 3.2";
			developmentRegion = English;
			hasScannedForEncodings = 0;
			knownRegions = (
				en,
			);
			mainGroup = 63497587161E852C00433649;
			productRefGroup = 63497593161E852C00433649 /* Products */;
			projectDirPath = "";
			projectRoot = "";
			targets = (
				63497591161E852C00433649 /* Open */,
				634975B2161E852C00433649 /* OpenTests */,
			);
		};
/* End PBXProject section */

/* Begin PBXResourcesBuildPhase section */
		63497590161E852C00433649 /* Resources */ = {
			isa = PBXResourcesBuildPhase;
			buildActionMask = 2147483647;
			files = (
				634975A1161E852C00433649 /* InfoPlist.strings in Resources */,
				634975A7161E852C00433649 /* Credits.rtf in Resources */,
				634975AD161E852C00433649 /* MainMenu.xib in Resources */,
			);
			runOnlyForDeploymentPostprocessing = 0;
		};
		634975B0161E852C00433649 /* Resources */ = {
			isa = PBXResourcesBuildPhase;
			buildActionMask = 2147483647;
			files = (
				634975BE161E852D00433649 /* InfoPlist.strings in Resources */,
			);
			runOnlyForDeploymentPostprocessing = 0;
		};
/* End PBXResourcesBuildPhase section */

/* Begin PBXShellScriptBuildPhase section */
		634975B1161E852C00433649 /* ShellScript */ = {
			isa = PBXShellScriptBuildPhase;
			buildActionMask = 2147483647;
			files = (
			);
			inputPaths = (
			);
			outputPaths = (
			);
			runOnlyForDeploymentPostprocessing = 0;
			shellPath = /bin/sh;
			shellScript = "# Run the unit tests in this test bundle.\n\"${SYSTEM_DEVELOPER_DIR}/Tools/RunUnitTests\"\n";
		};
/* End PBXShellScriptBuildPhase section */

/* Begin PBXSourcesBuildPhase section */
		6349758E161E852C00433649 /* Sources */ = {
			isa = PBXSourcesBuildPhase;
			buildActionMask = 2147483647;
			files = (
				634975A3161E852C00433649 /* main.m in Sources */,
				634975AA161E852C00433649 /* AppDelegate.m in Sources */,
			);
			runOnlyForDeploymentPostprocessing = 0;
		};
		634975AE161E852C00433649 /* Sources */ = {
			isa = PBXSourcesBuildPhase;
			buildActionMask = 2147483647;
			files = (
				634975C1161E852D00433649 /* OpenTests.m in Sources */,
			);
			runOnlyForDeploymentPostprocessing = 0;
		};
/* End PBXSourcesBuildPhase section */

/* Begin PBXTargetDependency section */
		634975B8161E852C00433649 /* PBXTargetDependency */ = {
			isa = PBXTargetDependency;
			target = 63497591161E852C00433649 /* Open */;
			targetProxy = 634975B7161E852C00433649 /* PBXContainerItemProxy */;
		};
/* End PBXTargetDependency section */

/* Begin PBXVariantGroup section */
		6349759F161E852C00433649 /* InfoPlist.strings */ = {
			isa = PBXVariantGroup;
			children = (
				634975A0161E852C00433649 /* en */,
			);
			name = InfoPlist.strings;
			sourceTree = "<group>";
		};
		634975A5161E852C00433649 /* Credits.rtf */ = {
			isa = PBXVariantGroup;
			children = (
				634975A6161E852C00433649 /* en */,
			);
			name = Credits.rtf;
			sourceTree = "<group>";
		};
		634975AB161E852C00433649 /* MainMenu.xib */ = {
			isa = PBXVariantGroup;
			children = (
				634975AC161E852C00433649 /* en */,
			);
			name = MainMenu.xib;
			sourceTree = "<group>";
		};
		634975BC161E852C00433649 /* InfoPlist.strings */ = {
			isa = PBXVariantGroup;
			children = (
				634975BD161E852C00433649 /* en */,
			);
			name = InfoPlist.strings;
			sourceTree = "<group>";
		};
/* End PBXVariantGroup section */

/* Begin XCBuildConfiguration section */
		634975C2161E852D00433649 /* Debug */ = {
			isa = XCBuildConfiguration;
			buildSettings = {
				ALWAYS_SEARCH_USER_PATHS = NO;
				ARCHS = "$(ARCHS_STANDARD_64_BIT)";
				CLANG_CXX_LANGUAGE_STANDARD = "gnu++0x";
				CLANG_CXX_LIBRARY = "libc++";
				CLANG_ENABLE_OBJC_ARC = YES;
				CLANG_WARN_EMPTY_BODY = YES;
				CLANG_WARN__DUPLICATE_METHOD_MATCH = YES;
				COPY_PHASE_STRIP = NO;
				GCC_C_LANGUAGE_STANDARD = gnu99;
				GCC_DYNAMIC_NO_PIC = NO;
				GCC_ENABLE_OBJC_EXCEPTIONS = YES;
				GCC_OPTIMIZATION_LEVEL = 0;
				GCC_PREPROCESSOR_DEFINITIONS = (
					"DEBUG=1",
					"$(inherited)",
				);
				GCC_SYMBOLS_PRIVATE_EXTERN = NO;
				GCC_WARN_64_TO_32_BIT_CONVERSION = YES;
				GCC_WARN_ABOUT_RETURN_TYPE = YES;
				GCC_WARN_UNINITIALIZED_AUTOS = YES;
				GCC_WARN_UNUSED_VARIABLE = YES;
				MACOSX_DEPLOYMENT_TARGET = 10.7;
				ONLY_ACTIVE_ARCH = YES;
				SDKROOT = macosx;
			};
			name = Debug;
		};
		634975C3161E852D00433649 /* Release */ = {
			isa = XCBuildConfiguration;
			buildSettings = {
				ALWAYS_SEARCH_USER_PATHS = NO;
				ARCHS = "$(ARCHS_STANDARD_64_BIT)";
				CLANG_CXX_LANGUAGE_STANDARD = "gnu++0x";
				CLANG_CXX_LIBRARY = "libc++";
				CLANG_ENABLE_OBJC_ARC = YES;
				CLANG_WARN_EMPTY_BODY = YES;
				CLANG_WARN__DUPLICATE_METHOD_MATCH = YES;
				COPY_PHASE_STRIP = YES;
				DEBUG_INFORMATION_FORMAT = "dwarf-with-dsym";
				GCC_C_LANGUAGE_STANDARD = gnu99;
				GCC_ENABLE_OBJC_EXCEPTIONS = YES;
				GCC_WARN_64_TO_32_BIT_CONVERSION = YES;
				GCC_WARN_ABOUT_RETURN_TYPE = YES;
				GCC_WARN_UNINITIALIZED_AUTOS = YES;
				GCC_WARN_UNUSED_VARIABLE = YES;
				MACOSX_DEPLOYMENT_TARGET = 10.7;
				SDKROOT = macosx;
			};
			name = Release;
		};
		634975C5161E852D00433649 /* Debug */ = {
			isa = XCBuildConfiguration;
			buildSettings = {
				COMBINE_HIDPI_IMAGES = YES;
				GCC_PRECOMPILE_PREFIX_HEADER = YES;
				GCC_PREFIX_HEADER = "Open/Open-Prefix.pch";
				INFOPLIST_FILE = "Open/Open-Info.plist";
				PRODUCT_NAME = "$(TARGET_NAME)";
				WRAPPER_EXTENSION = app;
			};
			name = Debug;
		};
		634975C6161E852D00433649 /* Release */ = {
			isa = XCBuildConfiguration;
			buildSettings = {
				COMBINE_HIDPI_IMAGES = YES;
				GCC_PRECOMPILE_PREFIX_HEADER = YES;
				GCC_PREFIX_HEADER = "Open/Open-Prefix.pch";
				INFOPLIST_FILE = "Open/Open-Info.plist";
				PRODUCT_NAME = "$(TARGET_NAME)";
				WRAPPER_EXTENSION = app;
			};
			name = Release;
		};
		634975C8161E852D00433649 /* Debug */ = {
			isa = XCBuildConfiguration;
			buildSettings = {
				BUNDLE_LOADER = "$(BUILT_PRODUCTS_DIR)/Open.app/Contents/MacOS/Open";
				COMBINE_HIDPI_IMAGES = YES;
				FRAMEWORK_SEARCH_PATHS = "\"$(DEVELOPER_LIBRARY_DIR)/Frameworks\"";
				GCC_PRECOMPILE_PREFIX_HEADER = YES;
				GCC_PREFIX_HEADER = "Open/Open-Prefix.pch";
				INFOPLIST_FILE = "OpenTests/OpenTests-Info.plist";
				PRODUCT_NAME = "$(TARGET_NAME)";
				TEST_HOST = "$(BUNDLE_LOADER)";
				WRAPPER_EXTENSION = octest;
			};
			name = Debug;
		};
		634975C9161E852D00433649 /* Release */ = {
			isa = XCBuildConfiguration;
			buildSettings = {
				BUNDLE_LOADER = "$(BUILT_PRODUCTS_DIR)/Open.app/Contents/MacOS/Open";
				COMBINE_HIDPI_IMAGES = YES;
				FRAMEWORK_SEARCH_PATHS = "\"$(DEVELOPER_LIBRARY_DIR)/Frameworks\"";
				GCC_PRECOMPILE_PREFIX_HEADER = YES;
				GCC_PREFIX_HEADER = "Open/Open-Prefix.pch";
				INFOPLIST_FILE = "OpenTests/OpenTests-Info.plist";
				PRODUCT_NAME = "$(TARGET_NAME)";
				TEST_HOST = "$(BUNDLE_LOADER)";
				WRAPPER_EXTENSION = octest;
			};
			name = Release;
		};
/* End XCBuildConfiguration section */

/* Begin XCConfigurationList section */
		6349758C161E852C00433649 /* Build configuration list for PBXProject "Open" */ = {
			isa = XCConfigurationList;
			buildConfigurations = (
				634975C2161E852D00433649 /* Debug */,
				634975C3161E852D00433649 /* Release */,
			);
			defaultConfigurationIsVisible = 0;
			defaultConfigurationName = Release;
		};
		634975C4161E852D00433649 /* Build configuration list for PBXNativeTarget "Open" */ = {
			isa = XCConfigurationList;
			buildConfigurations = (
				634975C5161E852D00433649 /* Debug */,
				634975C6161E852D00433649 /* Release */,
			);
			defaultConfigurationIsVisible = 0;
		};
		634975C7161E852D00433649 /* Build configuration list for PBXNativeTarget "OpenTests" */ = {
			isa = XCConfigurationList;
			buildConfigurations = (
				634975C8161E852D00433649 /* Debug */,
				634975C9161E852D00433649 /* Release */,
			);
			defaultConfigurationIsVisible = 0;
		};
/* End XCConfigurationList section */
	};
	rootObject = 63497589161E852C00433649 /* Project object */;
}
